// !$*UTF8*$!
{
	archiveVersion = 1;
	classes = {
	};
	objectVersion = 51;
	objects = {

/* Begin PBXBuildFile section */
		61CFD8CF6963411367321F42 /* Pods_MyTravelHelperTests.framework in Frameworks */ = {isa = PBXBuildFile; fileRef = 2BF8768D16F05BA29240E73A /* Pods_MyTravelHelperTests.framework */; };
		B40828F0271D51D300A141BD /* Assets.xcassets in Resources */ = {isa = PBXBuildFile; fileRef = B40828D2271D51D300A141BD /* Assets.xcassets */; };
		B40828F1271D51D300A141BD /* AppDelegate.swift in Sources */ = {isa = PBXBuildFile; fileRef = B40828D3271D51D300A141BD /* AppDelegate.swift */; };
		B40828F2271D51D300A141BD /* StationInfo.swift in Sources */ = {isa = PBXBuildFile; fileRef = B40828D7271D51D300A141BD /* StationInfo.swift */; };
		B40828F3271D51D300A141BD /* TrainMovements.swift in Sources */ = {isa = PBXBuildFile; fileRef = B40828D8271D51D300A141BD /* TrainMovements.swift */; };
		B40828F4271D51D300A141BD /* Stations.swift in Sources */ = {isa = PBXBuildFile; fileRef = B40828D9271D51D300A141BD /* Stations.swift */; };
		B40828F5271D51D300A141BD /* SearchTrainPresenter.swift in Sources */ = {isa = PBXBuildFile; fileRef = B40828DB271D51D300A141BD /* SearchTrainPresenter.swift */; };
		B40828F6271D51D300A141BD /* SearchTrainViewController.swift in Sources */ = {isa = PBXBuildFile; fileRef = B40828DD271D51D300A141BD /* SearchTrainViewController.swift */; };
		B40828F7271D51D300A141BD /* TrainInfoCell.swift in Sources */ = {isa = PBXBuildFile; fileRef = B40828DE271D51D300A141BD /* TrainInfoCell.swift */; };
		B40828F8271D51D300A141BD /* SearchTrainProtocols.swift in Sources */ = {isa = PBXBuildFile; fileRef = B40828E0271D51D300A141BD /* SearchTrainProtocols.swift */; };
		B40828F9271D51D300A141BD /* SearchTrainInteractor.swift in Sources */ = {isa = PBXBuildFile; fileRef = B40828E2271D51D300A141BD /* SearchTrainInteractor.swift */; };
		B40828FA271D51D300A141BD /* SearchTrainRouter.swift in Sources */ = {isa = PBXBuildFile; fileRef = B40828E4271D51D300A141BD /* SearchTrainRouter.swift */; };
		B40828FB271D51D300A141BD /* Reachability.swift in Sources */ = {isa = PBXBuildFile; fileRef = B40828E6271D51D300A141BD /* Reachability.swift */; };
		B40828FC271D51D300A141BD /* AppUtils.swift in Sources */ = {isa = PBXBuildFile; fileRef = B40828E7271D51D300A141BD /* AppUtils.swift */; };
		B40828FD271D51D300A141BD /* ProgressIndicator.swift in Sources */ = {isa = PBXBuildFile; fileRef = B40828E8271D51D300A141BD /* ProgressIndicator.swift */; };
		B40828FE271D51D300A141BD /* AppConstants.swift in Sources */ = {isa = PBXBuildFile; fileRef = B40828E9271D51D300A141BD /* AppConstants.swift */; };
		B4082980271D539D00A141BD /* LaunchScreen.storyboard in Resources */ = {isa = PBXBuildFile; fileRef = B40828EB271D51D300A141BD /* LaunchScreen.storyboard */; };
		B4082981271D539D00A141BD /* Main.storyboard in Resources */ = {isa = PBXBuildFile; fileRef = B40828ED271D51D300A141BD /* Main.storyboard */; };
		B40829B8271D552B00A141BD /* AppDelegate.swift in Resources */ = {isa = PBXBuildFile; fileRef = B40828D3271D51D300A141BD /* AppDelegate.swift */; };
		B40829B9271D552B00A141BD /* StationInfo.swift in Resources */ = {isa = PBXBuildFile; fileRef = B40828D7271D51D300A141BD /* StationInfo.swift */; };
		B40829BA271D552B00A141BD /* TrainMovements.swift in Resources */ = {isa = PBXBuildFile; fileRef = B40828D8271D51D300A141BD /* TrainMovements.swift */; };
		B40829BB271D552B00A141BD /* Stations.swift in Resources */ = {isa = PBXBuildFile; fileRef = B40828D9271D51D300A141BD /* Stations.swift */; };
		B40829BC271D552B00A141BD /* SearchTrainPresenter.swift in Resources */ = {isa = PBXBuildFile; fileRef = B40828DB271D51D300A141BD /* SearchTrainPresenter.swift */; };
		B40829BD271D552B00A141BD /* SearchTrainViewController.swift in Resources */ = {isa = PBXBuildFile; fileRef = B40828DD271D51D300A141BD /* SearchTrainViewController.swift */; };
		B40829BE271D552B00A141BD /* TrainInfoCell.swift in Resources */ = {isa = PBXBuildFile; fileRef = B40828DE271D51D300A141BD /* TrainInfoCell.swift */; };
		B40829BF271D552B00A141BD /* SearchTrainProtocols.swift in Resources */ = {isa = PBXBuildFile; fileRef = B40828E0271D51D300A141BD /* SearchTrainProtocols.swift */; };
		B40829C0271D552B00A141BD /* SearchTrainInteractor.swift in Resources */ = {isa = PBXBuildFile; fileRef = B40828E2271D51D300A141BD /* SearchTrainInteractor.swift */; };
		B40829C1271D552B00A141BD /* SearchTrainRouter.swift in Resources */ = {isa = PBXBuildFile; fileRef = B40828E4271D51D300A141BD /* SearchTrainRouter.swift */; };
		B40829C2271D552B00A141BD /* Reachability.swift in Resources */ = {isa = PBXBuildFile; fileRef = B40828E6271D51D300A141BD /* Reachability.swift */; };
		B40829C3271D552B00A141BD /* AppUtils.swift in Resources */ = {isa = PBXBuildFile; fileRef = B40828E7271D51D300A141BD /* AppUtils.swift */; };
		B40829C4271D552B00A141BD /* ProgressIndicator.swift in Resources */ = {isa = PBXBuildFile; fileRef = B40828E8271D51D300A141BD /* ProgressIndicator.swift */; };
		B40829C5271D552B00A141BD /* AppConstants.swift in Resources */ = {isa = PBXBuildFile; fileRef = B40828E9271D51D300A141BD /* AppConstants.swift */; };
		B46F81532721E20800848E5A /* ApiManager.swift in Sources */ = {isa = PBXBuildFile; fileRef = B46F81522721E20800848E5A /* ApiManager.swift */; };
		B46F81AA27266CE900848E5A /* SearchTrainPresenterTests.swift in Sources */ = {isa = PBXBuildFile; fileRef = B46F81A927266CE900848E5A /* SearchTrainPresenterTests.swift */; };
		B46F81CD272679DE00848E5A /* SearchTrainInteractorTests.swift in Sources */ = {isa = PBXBuildFile; fileRef = B46F81CC272679DE00848E5A /* SearchTrainInteractorTests.swift */; };
		D470676161BA8A460668F214 /* Pods_MyTravelHelper.framework in Frameworks */ = {isa = PBXBuildFile; fileRef = 7DC083338412AB736D6D8DE0 /* Pods_MyTravelHelper.framework */; };
/* End PBXBuildFile section */

/* Begin PBXContainerItemProxy section */
		B40828A3271D504700A141BD /* PBXContainerItemProxy */ = {
			isa = PBXContainerItemProxy;
			containerPortal = B4082884271D504500A141BD /* Project object */;
			proxyType = 1;
			remoteGlobalIDString = B408288B271D504500A141BD;
			remoteInfo = MyTravelHelper;
		};
/* End PBXContainerItemProxy section */

/* Begin PBXFileReference section */
		1483091E5CAF902E6360EF50 /* Pods-MyTravelHelperTests.release.xcconfig */ = {isa = PBXFileReference; includeInIndex = 1; lastKnownFileType = text.xcconfig; name = "Pods-MyTravelHelperTests.release.xcconfig"; path = "Target Support Files/Pods-MyTravelHelperTests/Pods-MyTravelHelperTests.release.xcconfig"; sourceTree = "<group>"; };
		2BF8768D16F05BA29240E73A /* Pods_MyTravelHelperTests.framework */ = {isa = PBXFileReference; explicitFileType = wrapper.framework; includeInIndex = 0; path = Pods_MyTravelHelperTests.framework; sourceTree = BUILT_PRODUCTS_DIR; };
		7DC083338412AB736D6D8DE0 /* Pods_MyTravelHelper.framework */ = {isa = PBXFileReference; explicitFileType = wrapper.framework; includeInIndex = 0; path = Pods_MyTravelHelper.framework; sourceTree = BUILT_PRODUCTS_DIR; };
		A0D1BA19CDE15712A9794A5F /* Pods-MyTravelHelperTests.debug.xcconfig */ = {isa = PBXFileReference; includeInIndex = 1; lastKnownFileType = text.xcconfig; name = "Pods-MyTravelHelperTests.debug.xcconfig"; path = "Target Support Files/Pods-MyTravelHelperTests/Pods-MyTravelHelperTests.debug.xcconfig"; sourceTree = "<group>"; };
		AF9793F4C5DC208F106DA990 /* Pods-MyTravelHelper.debug.xcconfig */ = {isa = PBXFileReference; includeInIndex = 1; lastKnownFileType = text.xcconfig; name = "Pods-MyTravelHelper.debug.xcconfig"; path = "Target Support Files/Pods-MyTravelHelper/Pods-MyTravelHelper.debug.xcconfig"; sourceTree = "<group>"; };
		B408288C271D504500A141BD /* MyTravelHelper.app */ = {isa = PBXFileReference; explicitFileType = wrapper.application; includeInIndex = 0; path = MyTravelHelper.app; sourceTree = BUILT_PRODUCTS_DIR; };
		B40828A2271D504700A141BD /* MyTravelHelperTests.xctest */ = {isa = PBXFileReference; explicitFileType = wrapper.cfbundle; includeInIndex = 0; path = MyTravelHelperTests.xctest; sourceTree = BUILT_PRODUCTS_DIR; };
		B40828A8271D504700A141BD /* Info.plist */ = {isa = PBXFileReference; lastKnownFileType = text.plist.xml; path = Info.plist; sourceTree = "<group>"; };
		B40828D2271D51D300A141BD /* Assets.xcassets */ = {isa = PBXFileReference; lastKnownFileType = folder.assetcatalog; path = Assets.xcassets; sourceTree = "<group>"; };
		B40828D3271D51D300A141BD /* AppDelegate.swift */ = {isa = PBXFileReference; fileEncoding = 4; lastKnownFileType = sourcecode.swift; path = AppDelegate.swift; sourceTree = "<group>"; };
		B40828D7271D51D300A141BD /* StationInfo.swift */ = {isa = PBXFileReference; fileEncoding = 4; lastKnownFileType = sourcecode.swift; path = StationInfo.swift; sourceTree = "<group>"; };
		B40828D8271D51D300A141BD /* TrainMovements.swift */ = {isa = PBXFileReference; fileEncoding = 4; lastKnownFileType = sourcecode.swift; path = TrainMovements.swift; sourceTree = "<group>"; };
		B40828D9271D51D300A141BD /* Stations.swift */ = {isa = PBXFileReference; fileEncoding = 4; lastKnownFileType = sourcecode.swift; path = Stations.swift; sourceTree = "<group>"; };
		B40828DB271D51D300A141BD /* SearchTrainPresenter.swift */ = {isa = PBXFileReference; fileEncoding = 4; lastKnownFileType = sourcecode.swift; path = SearchTrainPresenter.swift; sourceTree = "<group>"; };
		B40828DD271D51D300A141BD /* SearchTrainViewController.swift */ = {isa = PBXFileReference; fileEncoding = 4; lastKnownFileType = sourcecode.swift; path = SearchTrainViewController.swift; sourceTree = "<group>"; };
		B40828DE271D51D300A141BD /* TrainInfoCell.swift */ = {isa = PBXFileReference; fileEncoding = 4; lastKnownFileType = sourcecode.swift; path = TrainInfoCell.swift; sourceTree = "<group>"; };
		B40828E0271D51D300A141BD /* SearchTrainProtocols.swift */ = {isa = PBXFileReference; fileEncoding = 4; lastKnownFileType = sourcecode.swift; path = SearchTrainProtocols.swift; sourceTree = "<group>"; };
		B40828E2271D51D300A141BD /* SearchTrainInteractor.swift */ = {isa = PBXFileReference; fileEncoding = 4; lastKnownFileType = sourcecode.swift; path = SearchTrainInteractor.swift; sourceTree = "<group>"; };
		B40828E4271D51D300A141BD /* SearchTrainRouter.swift */ = {isa = PBXFileReference; fileEncoding = 4; lastKnownFileType = sourcecode.swift; path = SearchTrainRouter.swift; sourceTree = "<group>"; };
		B40828E6271D51D300A141BD /* Reachability.swift */ = {isa = PBXFileReference; fileEncoding = 4; lastKnownFileType = sourcecode.swift; path = Reachability.swift; sourceTree = "<group>"; };
		B40828E7271D51D300A141BD /* AppUtils.swift */ = {isa = PBXFileReference; fileEncoding = 4; lastKnownFileType = sourcecode.swift; path = AppUtils.swift; sourceTree = "<group>"; };
		B40828E8271D51D300A141BD /* ProgressIndicator.swift */ = {isa = PBXFileReference; fileEncoding = 4; lastKnownFileType = sourcecode.swift; path = ProgressIndicator.swift; sourceTree = "<group>"; };
		B40828E9271D51D300A141BD /* AppConstants.swift */ = {isa = PBXFileReference; fileEncoding = 4; lastKnownFileType = sourcecode.swift; path = AppConstants.swift; sourceTree = "<group>"; };
		B40828EC271D51D300A141BD /* Base */ = {isa = PBXFileReference; lastKnownFileType = file.storyboard; name = Base; path = Base.lproj/LaunchScreen.storyboard; sourceTree = "<group>"; };
		B40828EE271D51D300A141BD /* Base */ = {isa = PBXFileReference; lastKnownFileType = file.storyboard; name = Base; path = Base.lproj/Main.storyboard; sourceTree = "<group>"; };
		B40828EF271D51D300A141BD /* Info.plist */ = {isa = PBXFileReference; fileEncoding = 4; lastKnownFileType = text.plist.xml; path = Info.plist; sourceTree = "<group>"; };
		B46F81522721E20800848E5A /* ApiManager.swift */ = {isa = PBXFileReference; fileEncoding = 4; lastKnownFileType = sourcecode.swift; path = ApiManager.swift; sourceTree = "<group>"; };
		B46F81A927266CE900848E5A /* SearchTrainPresenterTests.swift */ = {isa = PBXFileReference; fileEncoding = 4; lastKnownFileType = sourcecode.swift; path = SearchTrainPresenterTests.swift; sourceTree = "<group>"; };
		B46F81CC272679DE00848E5A /* SearchTrainInteractorTests.swift */ = {isa = PBXFileReference; fileEncoding = 4; lastKnownFileType = sourcecode.swift; path = SearchTrainInteractorTests.swift; sourceTree = "<group>"; };
		C385A654FE079ECBAA06B8BE /* Pods-MyTravelHelper.release.xcconfig */ = {isa = PBXFileReference; includeInIndex = 1; lastKnownFileType = text.xcconfig; name = "Pods-MyTravelHelper.release.xcconfig"; path = "Target Support Files/Pods-MyTravelHelper/Pods-MyTravelHelper.release.xcconfig"; sourceTree = "<group>"; };
/* End PBXFileReference section */

/* Begin PBXFrameworksBuildPhase section */
		B4082889271D504500A141BD /* Frameworks */ = {
			isa = PBXFrameworksBuildPhase;
			buildActionMask = 2147483647;
			files = (
				D470676161BA8A460668F214 /* Pods_MyTravelHelper.framework in Frameworks */,
			);
			runOnlyForDeploymentPostprocessing = 0;
		};
		B408289F271D504700A141BD /* Frameworks */ = {
			isa = PBXFrameworksBuildPhase;
			buildActionMask = 2147483647;
			files = (
				61CFD8CF6963411367321F42 /* Pods_MyTravelHelperTests.framework in Frameworks */,
			);
			runOnlyForDeploymentPostprocessing = 0;
		};
/* End PBXFrameworksBuildPhase section */

/* Begin PBXGroup section */
		236529D58C7E323353CE519D /* Frameworks */ = {
			isa = PBXGroup;
			children = (
				7DC083338412AB736D6D8DE0 /* Pods_MyTravelHelper.framework */,
				2BF8768D16F05BA29240E73A /* Pods_MyTravelHelperTests.framework */,
			);
			name = Frameworks;
			sourceTree = "<group>";
		};
		6F6463E1879551B4D1BBBF13 /* Pods */ = {
			isa = PBXGroup;
			children = (
				AF9793F4C5DC208F106DA990 /* Pods-MyTravelHelper.debug.xcconfig */,
				C385A654FE079ECBAA06B8BE /* Pods-MyTravelHelper.release.xcconfig */,
				A0D1BA19CDE15712A9794A5F /* Pods-MyTravelHelperTests.debug.xcconfig */,
				1483091E5CAF902E6360EF50 /* Pods-MyTravelHelperTests.release.xcconfig */,
			);
			path = Pods;
			sourceTree = "<group>";
		};
		B4082883271D504500A141BD = {
			isa = PBXGroup;
			children = (
				B40828D1271D51D300A141BD /* MyTravelHelper */,
				B40828A5271D504700A141BD /* MyTravelHelperTests */,
				B408288D271D504500A141BD /* Products */,
				6F6463E1879551B4D1BBBF13 /* Pods */,
				236529D58C7E323353CE519D /* Frameworks */,
			);
			sourceTree = "<group>";
		};
		B408288D271D504500A141BD /* Products */ = {
			isa = PBXGroup;
			children = (
				B408288C271D504500A141BD /* MyTravelHelper.app */,
				B40828A2271D504700A141BD /* MyTravelHelperTests.xctest */,
			);
			name = Products;
			sourceTree = "<group>";
		};
		B40828A5271D504700A141BD /* MyTravelHelperTests */ = {
			isa = PBXGroup;
			children = (
				B46F81CC272679DE00848E5A /* SearchTrainInteractorTests.swift */,
				B46F81A927266CE900848E5A /* SearchTrainPresenterTests.swift */,
				B40828A8271D504700A141BD /* Info.plist */,
			);
			path = MyTravelHelperTests;
			sourceTree = "<group>";
		};
		B40828D1271D51D300A141BD /* MyTravelHelper */ = {
			isa = PBXGroup;
			children = (
				B40828D2271D51D300A141BD /* Assets.xcassets */,
				B40828D3271D51D300A141BD /* AppDelegate.swift */,
				B40828D4271D51D300A141BD /* Modules */,
				B40828E5271D51D300A141BD /* App-utils */,
				B40828EA271D51D300A141BD /* App-Ui */,
				B40828EF271D51D300A141BD /* Info.plist */,
			);
			path = MyTravelHelper;
			sourceTree = "<group>";
		};
		B40828D4271D51D300A141BD /* Modules */ = {
			isa = PBXGroup;
			children = (
				B40828D5271D51D300A141BD /* SearchTrains */,
			);
			path = Modules;
			sourceTree = "<group>";
		};
		B40828D5271D51D300A141BD /* SearchTrains */ = {
			isa = PBXGroup;
			children = (
				B40828D6271D51D300A141BD /* Entity */,
				B40828DA271D51D300A141BD /* Presenter */,
				B40828DC271D51D300A141BD /* View */,
				B40828DF271D51D300A141BD /* Protocols */,
				B40828E1271D51D300A141BD /* Interactor */,
				B40828E3271D51D300A141BD /* Router */,
			);
			path = SearchTrains;
			sourceTree = "<group>";
		};
		B40828D6271D51D300A141BD /* Entity */ = {
			isa = PBXGroup;
			children = (
				B40828D7271D51D300A141BD /* StationInfo.swift */,
				B40828D8271D51D300A141BD /* TrainMovements.swift */,
				B40828D9271D51D300A141BD /* Stations.swift */,
			);
			path = Entity;
			sourceTree = "<group>";
		};
		B40828DA271D51D300A141BD /* Presenter */ = {
			isa = PBXGroup;
			children = (
				B40828DB271D51D300A141BD /* SearchTrainPresenter.swift */,
			);
			path = Presenter;
			sourceTree = "<group>";
		};
		B40828DC271D51D300A141BD /* View */ = {
			isa = PBXGroup;
			children = (
				B40828DD271D51D300A141BD /* SearchTrainViewController.swift */,
				B40828DE271D51D300A141BD /* TrainInfoCell.swift */,
			);
			path = View;
			sourceTree = "<group>";
		};
		B40828DF271D51D300A141BD /* Protocols */ = {
			isa = PBXGroup;
			children = (
				B40828E0271D51D300A141BD /* SearchTrainProtocols.swift */,
			);
			path = Protocols;
			sourceTree = "<group>";
		};
		B40828E1271D51D300A141BD /* Interactor */ = {
			isa = PBXGroup;
			children = (
				B40828E2271D51D300A141BD /* SearchTrainInteractor.swift */,
			);
			path = Interactor;
			sourceTree = "<group>";
		};
		B40828E3271D51D300A141BD /* Router */ = {
			isa = PBXGroup;
			children = (
				B40828E4271D51D300A141BD /* SearchTrainRouter.swift */,
			);
			path = Router;
			sourceTree = "<group>";
		};
		B40828E5271D51D300A141BD /* App-utils */ = {
			isa = PBXGroup;
			children = (
				B40828E6271D51D300A141BD /* Reachability.swift */,
				B40828E7271D51D300A141BD /* AppUtils.swift */,
				B40828E8271D51D300A141BD /* ProgressIndicator.swift */,
				B40828E9271D51D300A141BD /* AppConstants.swift */,
				B46F81522721E20800848E5A /* ApiManager.swift */,
			);
			path = "App-utils";
			sourceTree = "<group>";
		};
		B40828EA271D51D300A141BD /* App-Ui */ = {
			isa = PBXGroup;
			children = (
				B40828EB271D51D300A141BD /* LaunchScreen.storyboard */,
				B40828ED271D51D300A141BD /* Main.storyboard */,
			);
			path = "App-Ui";
			sourceTree = "<group>";
		};
/* End PBXGroup section */

/* Begin PBXNativeTarget section */
		B408288B271D504500A141BD /* MyTravelHelper */ = {
			isa = PBXNativeTarget;
			buildConfigurationList = B40828B6271D504700A141BD /* Build configuration list for PBXNativeTarget "MyTravelHelper" */;
			buildPhases = (
				D50F0251E66B680343045905 /* [CP] Check Pods Manifest.lock */,
				B4082888271D504500A141BD /* Sources */,
				B4082889271D504500A141BD /* Frameworks */,
				B408288A271D504500A141BD /* Resources */,
				E83592734279C51882D6239E /* [CP] Embed Pods Frameworks */,
			);
			buildRules = (
			);
			dependencies = (
			);
			name = MyTravelHelper;
			productName = MyTravelHelper;
			productReference = B408288C271D504500A141BD /* MyTravelHelper.app */;
			productType = "com.apple.product-type.application";
		};
		B40828A1271D504700A141BD /* MyTravelHelperTests */ = {
			isa = PBXNativeTarget;
			buildConfigurationList = B40828B9271D504700A141BD /* Build configuration list for PBXNativeTarget "MyTravelHelperTests" */;
			buildPhases = (
				1346E38107A2C5F967B903F8 /* [CP] Check Pods Manifest.lock */,
				B408289E271D504700A141BD /* Sources */,
				B408289F271D504700A141BD /* Frameworks */,
				B40828A0271D504700A141BD /* Resources */,
			);
			buildRules = (
			);
			dependencies = (
				B40828A4271D504700A141BD /* PBXTargetDependency */,
			);
			name = MyTravelHelperTests;
			productName = MyTravelHelperTests;
			productReference = B40828A2271D504700A141BD /* MyTravelHelperTests.xctest */;
			productType = "com.apple.product-type.bundle.unit-test";
		};
/* End PBXNativeTarget section */

/* Begin PBXProject section */
		B4082884271D504500A141BD /* Project object */ = {
			isa = PBXProject;
			attributes = {
				LastSwiftUpdateCheck = 1200;
				LastUpgradeCheck = 1200;
				TargetAttributes = {
					B408288B271D504500A141BD = {
						CreatedOnToolsVersion = 12.0.1;
					};
					B40828A1271D504700A141BD = {
						CreatedOnToolsVersion = 12.0.1;
						LastSwiftMigration = 1200;
						TestTargetID = B408288B271D504500A141BD;
					};
				};
			};
			buildConfigurationList = B4082887271D504500A141BD /* Build configuration list for PBXProject "MyTravelHelper" */;
			compatibilityVersion = "Xcode 9.3";
			developmentRegion = en;
			hasScannedForEncodings = 0;
			knownRegions = (
				en,
				Base,
			);
			mainGroup = B4082883271D504500A141BD;
			productRefGroup = B408288D271D504500A141BD /* Products */;
			projectDirPath = "";
			projectRoot = "";
			targets = (
				B408288B271D504500A141BD /* MyTravelHelper */,
				B40828A1271D504700A141BD /* MyTravelHelperTests */,
			);
		};
/* End PBXProject section */

/* Begin PBXResourcesBuildPhase section */
		B408288A271D504500A141BD /* Resources */ = {
			isa = PBXResourcesBuildPhase;
			buildActionMask = 2147483647;
			files = (
				B40829B8271D552B00A141BD /* AppDelegate.swift in Resources */,
				B40829B9271D552B00A141BD /* StationInfo.swift in Resources */,
				B40829BA271D552B00A141BD /* TrainMovements.swift in Resources */,
				B40829BB271D552B00A141BD /* Stations.swift in Resources */,
				B40829BC271D552B00A141BD /* SearchTrainPresenter.swift in Resources */,
				B40829BD271D552B00A141BD /* SearchTrainViewController.swift in Resources */,
				B40829BE271D552B00A141BD /* TrainInfoCell.swift in Resources */,
				B40829BF271D552B00A141BD /* SearchTrainProtocols.swift in Resources */,
				B40829C0271D552B00A141BD /* SearchTrainInteractor.swift in Resources */,
				B40829C1271D552B00A141BD /* SearchTrainRouter.swift in Resources */,
				B40829C2271D552B00A141BD /* Reachability.swift in Resources */,
				B40829C3271D552B00A141BD /* AppUtils.swift in Resources */,
				B40829C4271D552B00A141BD /* ProgressIndicator.swift in Resources */,
				B40829C5271D552B00A141BD /* AppConstants.swift in Resources */,
				B4082980271D539D00A141BD /* LaunchScreen.storyboard in Resources */,
				B4082981271D539D00A141BD /* Main.storyboard in Resources */,
				B40828F0271D51D300A141BD /* Assets.xcassets in Resources */,
			);
			runOnlyForDeploymentPostprocessing = 0;
		};
		B40828A0271D504700A141BD /* Resources */ = {
			isa = PBXResourcesBuildPhase;
			buildActionMask = 2147483647;
			files = (
			);
			runOnlyForDeploymentPostprocessing = 0;
		};
/* End PBXResourcesBuildPhase section */

/* Begin PBXShellScriptBuildPhase section */
		1346E38107A2C5F967B903F8 /* [CP] Check Pods Manifest.lock */ = {
			isa = PBXShellScriptBuildPhase;
			buildActionMask = 2147483647;
			files = (
			);
			inputFileListPaths = (
			);
			inputPaths = (
				"${PODS_PODFILE_DIR_PATH}/Podfile.lock",
				"${PODS_ROOT}/Manifest.lock",
			);
			name = "[CP] Check Pods Manifest.lock";
			outputFileListPaths = (
			);
			outputPaths = (
				"$(DERIVED_FILE_DIR)/Pods-MyTravelHelperTests-checkManifestLockResult.txt",
			);
			runOnlyForDeploymentPostprocessing = 0;
			shellPath = /bin/sh;
			shellScript = "diff \"${PODS_PODFILE_DIR_PATH}/Podfile.lock\" \"${PODS_ROOT}/Manifest.lock\" > /dev/null\nif [ $? != 0 ] ; then\n    # print error to STDERR\n    echo \"error: The sandbox is not in sync with the Podfile.lock. Run 'pod install' or update your CocoaPods installation.\" >&2\n    exit 1\nfi\n# This output is used by Xcode 'outputs' to avoid re-running this script phase.\necho \"SUCCESS\" > \"${SCRIPT_OUTPUT_FILE_0}\"\n";
			showEnvVarsInLog = 0;
		};
		D50F0251E66B680343045905 /* [CP] Check Pods Manifest.lock */ = {
			isa = PBXShellScriptBuildPhase;
			buildActionMask = 2147483647;
			files = (
			);
			inputFileListPaths = (
			);
			inputPaths = (
				"${PODS_PODFILE_DIR_PATH}/Podfile.lock",
				"${PODS_ROOT}/Manifest.lock",
			);
			name = "[CP] Check Pods Manifest.lock";
			outputFileListPaths = (
			);
			outputPaths = (
				"$(DERIVED_FILE_DIR)/Pods-MyTravelHelper-checkManifestLockResult.txt",
			);
			runOnlyForDeploymentPostprocessing = 0;
			shellPath = /bin/sh;
			shellScript = "diff \"${PODS_PODFILE_DIR_PATH}/Podfile.lock\" \"${PODS_ROOT}/Manifest.lock\" > /dev/null\nif [ $? != 0 ] ; then\n    # print error to STDERR\n    echo \"error: The sandbox is not in sync with the Podfile.lock. Run 'pod install' or update your CocoaPods installation.\" >&2\n    exit 1\nfi\n# This output is used by Xcode 'outputs' to avoid re-running this script phase.\necho \"SUCCESS\" > \"${SCRIPT_OUTPUT_FILE_0}\"\n";
			showEnvVarsInLog = 0;
		};
		E83592734279C51882D6239E /* [CP] Embed Pods Frameworks */ = {
			isa = PBXShellScriptBuildPhase;
			buildActionMask = 2147483647;
			files = (
			);
			inputFileListPaths = (
				"${PODS_ROOT}/Target Support Files/Pods-MyTravelHelper/Pods-MyTravelHelper-frameworks-${CONFIGURATION}-input-files.xcfilelist",
			);
			name = "[CP] Embed Pods Frameworks";
			outputFileListPaths = (
				"${PODS_ROOT}/Target Support Files/Pods-MyTravelHelper/Pods-MyTravelHelper-frameworks-${CONFIGURATION}-output-files.xcfilelist",
			);
			runOnlyForDeploymentPostprocessing = 0;
			shellPath = /bin/sh;
			shellScript = "\"${PODS_ROOT}/Target Support Files/Pods-MyTravelHelper/Pods-MyTravelHelper-frameworks.sh\"\n";
			showEnvVarsInLog = 0;
		};
/* End PBXShellScriptBuildPhase section */

/* Begin PBXSourcesBuildPhase section */
		B4082888271D504500A141BD /* Sources */ = {
			isa = PBXSourcesBuildPhase;
			buildActionMask = 2147483647;
			files = (
				B40828F7271D51D300A141BD /* TrainInfoCell.swift in Sources */,
				B40828F3271D51D300A141BD /* TrainMovements.swift in Sources */,
				B40828F2271D51D300A141BD /* StationInfo.swift in Sources */,
				B40828FD271D51D300A141BD /* ProgressIndicator.swift in Sources */,
				B40828FC271D51D300A141BD /* AppUtils.swift in Sources */,
				B40828F5271D51D300A141BD /* SearchTrainPresenter.swift in Sources */,
				B40828F6271D51D300A141BD /* SearchTrainViewController.swift in Sources */,
				B46F81532721E20800848E5A /* ApiManager.swift in Sources */,
				B40828F9271D51D300A141BD /* SearchTrainInteractor.swift in Sources */,
				B40828F4271D51D300A141BD /* Stations.swift in Sources */,
				B40828FB271D51D300A141BD /* Reachability.swift in Sources */,
				B40828F8271D51D300A141BD /* SearchTrainProtocols.swift in Sources */,
				B40828FE271D51D300A141BD /* AppConstants.swift in Sources */,
				B40828F1271D51D300A141BD /* AppDelegate.swift in Sources */,
				B40828FA271D51D300A141BD /* SearchTrainRouter.swift in Sources */,
			);
			runOnlyForDeploymentPostprocessing = 0;
		};
		B408289E271D504700A141BD /* Sources */ = {
			isa = PBXSourcesBuildPhase;
			buildActionMask = 2147483647;
			files = (
				B46F81CD272679DE00848E5A /* SearchTrainInteractorTests.swift in Sources */,
				B46F81AA27266CE900848E5A /* SearchTrainPresenterTests.swift in Sources */,
			);
			runOnlyForDeploymentPostprocessing = 0;
		};
/* End PBXSourcesBuildPhase section */

/* Begin PBXTargetDependency section */
		B40828A4271D504700A141BD /* PBXTargetDependency */ = {
			isa = PBXTargetDependency;
			target = B408288B271D504500A141BD /* MyTravelHelper */;
			targetProxy = B40828A3271D504700A141BD /* PBXContainerItemProxy */;
		};
/* End PBXTargetDependency section */

/* Begin PBXVariantGroup section */
		B40828EB271D51D300A141BD /* LaunchScreen.storyboard */ = {
			isa = PBXVariantGroup;
			children = (
				B40828EC271D51D300A141BD /* Base */,
			);
			name = LaunchScreen.storyboard;
			sourceTree = "<group>";
		};
		B40828ED271D51D300A141BD /* Main.storyboard */ = {
			isa = PBXVariantGroup;
			children = (
				B40828EE271D51D300A141BD /* Base */,
			);
			name = Main.storyboard;
			sourceTree = "<group>";
		};
/* End PBXVariantGroup section */

/* Begin XCBuildConfiguration section */
		B40828B4271D504700A141BD /* Debug */ = {
			isa = XCBuildConfiguration;
			buildSettings = {
				ALWAYS_SEARCH_USER_PATHS = NO;
				CLANG_ANALYZER_NONNULL = YES;
				CLANG_ANALYZER_NUMBER_OBJECT_CONVERSION = YES_AGGRESSIVE;
				CLANG_CXX_LANGUAGE_STANDARD = "gnu++14";
				CLANG_CXX_LIBRARY = "libc++";
				CLANG_ENABLE_MODULES = YES;
				CLANG_ENABLE_OBJC_ARC = YES;
				CLANG_ENABLE_OBJC_WEAK = YES;
				CLANG_WARN_BLOCK_CAPTURE_AUTORELEASING = YES;
				CLANG_WARN_BOOL_CONVERSION = YES;
				CLANG_WARN_COMMA = YES;
				CLANG_WARN_CONSTANT_CONVERSION = YES;
				CLANG_WARN_DEPRECATED_OBJC_IMPLEMENTATIONS = YES;
				CLANG_WARN_DIRECT_OBJC_ISA_USAGE = YES_ERROR;
				CLANG_WARN_DOCUMENTATION_COMMENTS = YES;
				CLANG_WARN_EMPTY_BODY = YES;
				CLANG_WARN_ENUM_CONVERSION = YES;
				CLANG_WARN_INFINITE_RECURSION = YES;
				CLANG_WARN_INT_CONVERSION = YES;
				CLANG_WARN_NON_LITERAL_NULL_CONVERSION = YES;
				CLANG_WARN_OBJC_IMPLICIT_RETAIN_SELF = YES;
				CLANG_WARN_OBJC_LITERAL_CONVERSION = YES;
				CLANG_WARN_OBJC_ROOT_CLASS = YES_ERROR;
				CLANG_WARN_QUOTED_INCLUDE_IN_FRAMEWORK_HEADER = YES;
				CLANG_WARN_RANGE_LOOP_ANALYSIS = YES;
				CLANG_WARN_STRICT_PROTOTYPES = YES;
				CLANG_WARN_SUSPICIOUS_MOVE = YES;
				CLANG_WARN_UNGUARDED_AVAILABILITY = YES_AGGRESSIVE;
				CLANG_WARN_UNREACHABLE_CODE = YES;
				CLANG_WARN__DUPLICATE_METHOD_MATCH = YES;
				COPY_PHASE_STRIP = NO;
				DEBUG_INFORMATION_FORMAT = dwarf;
				ENABLE_STRICT_OBJC_MSGSEND = YES;
				ENABLE_TESTABILITY = YES;
				GCC_C_LANGUAGE_STANDARD = gnu11;
				GCC_DYNAMIC_NO_PIC = NO;
				GCC_NO_COMMON_BLOCKS = YES;
				GCC_OPTIMIZATION_LEVEL = 0;
				GCC_PREPROCESSOR_DEFINITIONS = (
					"DEBUG=1",
					"$(inherited)",
				);
				GCC_WARN_64_TO_32_BIT_CONVERSION = YES;
				GCC_WARN_ABOUT_RETURN_TYPE = YES_ERROR;
				GCC_WARN_UNDECLARED_SELECTOR = YES;
				GCC_WARN_UNINITIALIZED_AUTOS = YES_AGGRESSIVE;
				GCC_WARN_UNUSED_FUNCTION = YES;
				GCC_WARN_UNUSED_VARIABLE = YES;
				IPHONEOS_DEPLOYMENT_TARGET = 14.0;
				MTL_ENABLE_DEBUG_INFO = INCLUDE_SOURCE;
				MTL_FAST_MATH = YES;
				ONLY_ACTIVE_ARCH = YES;
				SDKROOT = iphoneos;
				SWIFT_ACTIVE_COMPILATION_CONDITIONS = DEBUG;
				SWIFT_OPTIMIZATION_LEVEL = "-Onone";
			};
			name = Debug;
		};
		B40828B5271D504700A141BD /* Release */ = {
			isa = XCBuildConfiguration;
			buildSettings = {
				ALWAYS_SEARCH_USER_PATHS = NO;
				CLANG_ANALYZER_NONNULL = YES;
				CLANG_ANALYZER_NUMBER_OBJECT_CONVERSION = YES_AGGRESSIVE;
				CLANG_CXX_LANGUAGE_STANDARD = "gnu++14";
				CLANG_CXX_LIBRARY = "libc++";
				CLANG_ENABLE_MODULES = YES;
				CLANG_ENABLE_OBJC_ARC = YES;
				CLANG_ENABLE_OBJC_WEAK = YES;
				CLANG_WARN_BLOCK_CAPTURE_AUTORELEASING = YES;
				CLANG_WARN_BOOL_CONVERSION = YES;
				CLANG_WARN_COMMA = YES;
				CLANG_WARN_CONSTANT_CONVERSION = YES;
				CLANG_WARN_DEPRECATED_OBJC_IMPLEMENTATIONS = YES;
				CLANG_WARN_DIRECT_OBJC_ISA_USAGE = YES_ERROR;
				CLANG_WARN_DOCUMENTATION_COMMENTS = YES;
				CLANG_WARN_EMPTY_BODY = YES;
				CLANG_WARN_ENUM_CONVERSION = YES;
				CLANG_WARN_INFINITE_RECURSION = YES;
				CLANG_WARN_INT_CONVERSION = YES;
				CLANG_WARN_NON_LITERAL_NULL_CONVERSION = YES;
				CLANG_WARN_OBJC_IMPLICIT_RETAIN_SELF = YES;
				CLANG_WARN_OBJC_LITERAL_CONVERSION = YES;
				CLANG_WARN_OBJC_ROOT_CLASS = YES_ERROR;
				CLANG_WARN_QUOTED_INCLUDE_IN_FRAMEWORK_HEADER = YES;
				CLANG_WARN_RANGE_LOOP_ANALYSIS = YES;
				CLANG_WARN_STRICT_PROTOTYPES = YES;
				CLANG_WARN_SUSPICIOUS_MOVE = YES;
				CLANG_WARN_UNGUARDED_AVAILABILITY = YES_AGGRESSIVE;
				CLANG_WARN_UNREACHABLE_CODE = YES;
				CLANG_WARN__DUPLICATE_METHOD_MATCH = YES;
				COPY_PHASE_STRIP = NO;
				DEBUG_INFORMATION_FORMAT = "dwarf-with-dsym";
				ENABLE_NS_ASSERTIONS = NO;
				ENABLE_STRICT_OBJC_MSGSEND = YES;
				GCC_C_LANGUAGE_STANDARD = gnu11;
				GCC_NO_COMMON_BLOCKS = YES;
				GCC_WARN_64_TO_32_BIT_CONVERSION = YES;
				GCC_WARN_ABOUT_RETURN_TYPE = YES_ERROR;
				GCC_WARN_UNDECLARED_SELECTOR = YES;
				GCC_WARN_UNINITIALIZED_AUTOS = YES_AGGRESSIVE;
				GCC_WARN_UNUSED_FUNCTION = YES;
				GCC_WARN_UNUSED_VARIABLE = YES;
				IPHONEOS_DEPLOYMENT_TARGET = 14.0;
				MTL_ENABLE_DEBUG_INFO = NO;
				MTL_FAST_MATH = YES;
				SDKROOT = iphoneos;
				SWIFT_COMPILATION_MODE = wholemodule;
				SWIFT_OPTIMIZATION_LEVEL = "-O";
				VALIDATE_PRODUCT = YES;
			};
			name = Release;
		};
		B40828B7271D504700A141BD /* Debug */ = {
			isa = XCBuildConfiguration;
			baseConfigurationReference = AF9793F4C5DC208F106DA990 /* Pods-MyTravelHelper.debug.xcconfig */;
			buildSettings = {
				ASSETCATALOG_COMPILER_APPICON_NAME = AppIcon;
				ASSETCATALOG_COMPILER_GLOBAL_ACCENT_COLOR_NAME = AccentColor;
				CODE_SIGN_STYLE = Automatic;
				DEVELOPMENT_TEAM = NXVCK49AU8;
				INFOPLIST_FILE = MyTravelHelper/Info.plist;
				IPHONEOS_DEPLOYMENT_TARGET = 14.0;
				LD_RUNPATH_SEARCH_PATHS = (
					"$(inherited)",
					"@executable_path/Frameworks",
				);
				PRODUCT_BUNDLE_IDENTIFIER = com.test.saurabh.MyTravelHelper;
				PRODUCT_NAME = "$(TARGET_NAME)";
				SWIFT_VERSION = 5.0;
				TARGETED_DEVICE_FAMILY = "1,2";
			};
			name = Debug;
		};
		B40828B8271D504700A141BD /* Release */ = {
			isa = XCBuildConfiguration;
			baseConfigurationReference = C385A654FE079ECBAA06B8BE /* Pods-MyTravelHelper.release.xcconfig */;
			buildSettings = {
				ASSETCATALOG_COMPILER_APPICON_NAME = AppIcon;
				ASSETCATALOG_COMPILER_GLOBAL_ACCENT_COLOR_NAME = AccentColor;
				CODE_SIGN_STYLE = Automatic;
				DEVELOPMENT_TEAM = NXVCK49AU8;
				INFOPLIST_FILE = MyTravelHelper/Info.plist;
				IPHONEOS_DEPLOYMENT_TARGET = 14.0;
				LD_RUNPATH_SEARCH_PATHS = (
					"$(inherited)",
					"@executable_path/Frameworks",
				);
				PRODUCT_BUNDLE_IDENTIFIER = com.test.saurabh.MyTravelHelper;
				PRODUCT_NAME = "$(TARGET_NAME)";
				SWIFT_VERSION = 5.0;
				TARGETED_DEVICE_FAMILY = "1,2";
			};
			name = Release;
		};
		B40828BA271D504700A141BD /* Debug */ = {
			isa = XCBuildConfiguration;
			baseConfigurationReference = A0D1BA19CDE15712A9794A5F /* Pods-MyTravelHelperTests.debug.xcconfig */;
			buildSettings = {
				ALWAYS_EMBED_SWIFT_STANDARD_LIBRARIES = YES;
				BUNDLE_LOADER = "$(TEST_HOST)";
				CLANG_ENABLE_MODULES = YES;
				CODE_SIGN_STYLE = Automatic;
				DEVELOPMENT_TEAM = NXVCK49AU8;
				INFOPLIST_FILE = MyTravelHelperTests/Info.plist;
				IPHONEOS_DEPLOYMENT_TARGET = 14.0;
				LD_RUNPATH_SEARCH_PATHS = (
					"$(inherited)",
					"@executable_path/Frameworks",
					"@loader_path/Frameworks",
				);
				PRODUCT_BUNDLE_IDENTIFIER = com.test.saurabh.MyTravelHelperTests;
				PRODUCT_NAME = "$(TARGET_NAME)";
				SWIFT_OPTIMIZATION_LEVEL = "-Onone";
				SWIFT_VERSION = 5.0;
				TARGETED_DEVICE_FAMILY = "1,2";
				TEST_HOST = "$(BUILT_PRODUCTS_DIR)/MyTravelHelper.app/MyTravelHelper";
			};
			name = Debug;
		};
		B40828BB271D504700A141BD /* Release */ = {
			isa = XCBuildConfiguration;
			baseConfigurationReference = 1483091E5CAF902E6360EF50 /* Pods-MyTravelHelperTests.release.xcconfig */;
			buildSettings = {
				ALWAYS_EMBED_SWIFT_STANDARD_LIBRARIES = YES;
				BUNDLE_LOADER = "$(TEST_HOST)";
				CLANG_ENABLE_MODULES = YES;
				CODE_SIGN_STYLE = Automatic;
				DEVELOPMENT_TEAM = NXVCK49AU8;
				INFOPLIST_FILE = MyTravelHelperTests/Info.plist;
				IPHONEOS_DEPLOYMENT_TARGET = 14.0;
				LD_RUNPATH_SEARCH_PATHS = (
					"$(inherited)",
					"@executable_path/Frameworks",
					"@loader_path/Frameworks",
				);
				PRODUCT_BUNDLE_IDENTIFIER = com.test.saurabh.MyTravelHelperTests;
				PRODUCT_NAME = "$(TARGET_NAME)";
				SWIFT_VERSION = 5.0;
				TARGETED_DEVICE_FAMILY = "1,2";
				TEST_HOST = "$(BUILT_PRODUCTS_DIR)/MyTravelHelper.app/MyTravelHelper";
			};
			name = Release;
		};
/* End XCBuildConfiguration section */

/* Begin XCConfigurationList section */
		B4082887271D504500A141BD /* Build configuration list for PBXProject "MyTravelHelper" */ = {
			isa = XCConfigurationList;
			buildConfigurations = (
				B40828B4271D504700A141BD /* Debug */,
				B40828B5271D504700A141BD /* Release */,
			);
			defaultConfigurationIsVisible = 0;
			defaultConfigurationName = Release;
		};
		B40828B6271D504700A141BD /* Build configuration list for PBXNativeTarget "MyTravelHelper" */ = {
			isa = XCConfigurationList;
			buildConfigurations = (
				B40828B7271D504700A141BD /* Debug */,
				B40828B8271D504700A141BD /* Release */,
			);
			defaultConfigurationIsVisible = 0;
			defaultConfigurationName = Release;
		};
		B40828B9271D504700A141BD /* Build configuration list for PBXNativeTarget "MyTravelHelperTests" */ = {
			isa = XCConfigurationList;
			buildConfigurations = (
				B40828BA271D504700A141BD /* Debug */,
				B40828BB271D504700A141BD /* Release */,
			);
			defaultConfigurationIsVisible = 0;
			defaultConfigurationName = Release;
		};
/* End XCConfigurationList section */
	};
	rootObject = B4082884271D504500A141BD /* Project object */;
}
